
Microsoft Visual Studio Solution File, Format Version 12.00
# Visual Studio Version 17
VisualStudioVersion = 17.6.33723.286
MinimumVisualStudioVersion = 10.0.40219.1
Project("{FAE04EC0-301F-11D3-BF4B-00C04F79EFBC}") = "Parser (rubilnik.ru)", "Parser (rubilnik.ru)\Parser (rubilnik.ru).csproj", "{9815CB61-4A1D-4E34-B427-8482F4041E2A}"
EndProject
Global
	GlobalSection(SolutionConfigurationPlatforms) = preSolution
		Debug|Any CPU = Debug|Any CPU
		Release|Any CPU = Release|Any CPU
	EndGlobalSection
	GlobalSection(ProjectConfigurationPlatforms) = postSolution
		{9815CB61-4A1D-4E34-B427-8482F4041E2A}.Debug|Any CPU.ActiveCfg = Debug|Any CPU
		{9815CB61-4A1D-4E34-B427-8482F4041E2A}.Debug|Any CPU.Build.0 = Debug|Any CPU
		{9815CB61-4A1D-4E34-B427-8482F4041E2A}.Release|Any CPU.ActiveCfg = Release|Any CPU
		{9815CB61-4A1D-4E34-B427-8482F4041E2A}.Release|Any CPU.Build.0 = Release|Any CPU
	EndGlobalSection
	GlobalSection(SolutionProperties) = preSolution
		HideSolutionNode = FALSE
	EndGlobalSection
	GlobalSection(ExtensibilityGlobals) = postSolution
		SolutionGuid = {6FAD0DD7-16AA-43C5-AE9E-FC593CA30F3B}
	EndGlobalSection
EndGlobal
